
Microsoft Visual Studio Solution File, Format Version 12.00
# Visual Studio 15
VisualStudioVersion = 15.0.28307.136
MinimumVisualStudioVersion = 10.0.40219.1
Project("{FAE04EC0-301F-11D3-BF4B-00C04F79EFBC}") = "Mofin", "MOFIN\Mofin.csproj", "{7CA50A5B-A6DD-4ADD-88A1-97FAA074E9EE}"
EndProject
Project("{FAE04EC0-301F-11D3-BF4B-00C04F79EFBC}") = "MOFIN_Lib", "MOFIN_Lib\MOFIN_Lib.csproj", "{BD8686AF-AD7B-4792-B1DD-CC8F6F41F4DC}"
EndProject
Project("{FAE04EC0-301F-11D3-BF4B-00C04F79EFBC}") = "MofinDatos", "MofinDatos\MofinDatos.csproj", "{EC2D3E5D-8FC9-4C15-860C-1D83FD6E962B}"
EndProject
Project("{FAE04EC0-301F-11D3-BF4B-00C04F79EFBC}") = "MofinNegocios", "MofinNegocios\MofinNegocios.csproj", "{FC87A849-0770-4439-A6C2-5EE0D9F16D0F}"
EndProject
Project("{FAE04EC0-301F-11D3-BF4B-00C04F79EFBC}") = "MofinModeloEntorno", "MofinModeloEntorno\MofinModeloEntorno.csproj", "{4D37C5B6-8F39-4BCE-9547-C89DB8CE242D}"
EndProject
Project("{FAE04EC0-301F-11D3-BF4B-00C04F79EFBC}") = "MofinModelo", "MofinModelo\MofinModelo.csproj", "{4D1B31BF-20CA-41F8-BED5-7A740FCC0F68}"
EndProject
Global
	GlobalSection(SolutionConfigurationPlatforms) = preSolution
		Debug|Any CPU = Debug|Any CPU
		Release|Any CPU = Release|Any CPU
	EndGlobalSection
	GlobalSection(ProjectConfigurationPlatforms) = postSolution
		{7CA50A5B-A6DD-4ADD-88A1-97FAA074E9EE}.Debug|Any CPU.ActiveCfg = Debug|Any CPU
		{7CA50A5B-A6DD-4ADD-88A1-97FAA074E9EE}.Debug|Any CPU.Build.0 = Debug|Any CPU
		{7CA50A5B-A6DD-4ADD-88A1-97FAA074E9EE}.Release|Any CPU.ActiveCfg = Release|Any CPU
		{7CA50A5B-A6DD-4ADD-88A1-97FAA074E9EE}.Release|Any CPU.Build.0 = Release|Any CPU
		{BD8686AF-AD7B-4792-B1DD-CC8F6F41F4DC}.Debug|Any CPU.ActiveCfg = Debug|Any CPU
		{BD8686AF-AD7B-4792-B1DD-CC8F6F41F4DC}.Debug|Any CPU.Build.0 = Debug|Any CPU
		{BD8686AF-AD7B-4792-B1DD-CC8F6F41F4DC}.Release|Any CPU.ActiveCfg = Release|Any CPU
		{BD8686AF-AD7B-4792-B1DD-CC8F6F41F4DC}.Release|Any CPU.Build.0 = Release|Any CPU
		{EC2D3E5D-8FC9-4C15-860C-1D83FD6E962B}.Debug|Any CPU.ActiveCfg = Debug|Any CPU
		{EC2D3E5D-8FC9-4C15-860C-1D83FD6E962B}.Debug|Any CPU.Build.0 = Debug|Any CPU
		{EC2D3E5D-8FC9-4C15-860C-1D83FD6E962B}.Release|Any CPU.ActiveCfg = Release|Any CPU
		{EC2D3E5D-8FC9-4C15-860C-1D83FD6E962B}.Release|Any CPU.Build.0 = Release|Any CPU
		{FC87A849-0770-4439-A6C2-5EE0D9F16D0F}.Debug|Any CPU.ActiveCfg = Debug|Any CPU
		{FC87A849-0770-4439-A6C2-5EE0D9F16D0F}.Debug|Any CPU.Build.0 = Debug|Any CPU
		{FC87A849-0770-4439-A6C2-5EE0D9F16D0F}.Release|Any CPU.ActiveCfg = Release|Any CPU
		{FC87A849-0770-4439-A6C2-5EE0D9F16D0F}.Release|Any CPU.Build.0 = Release|Any CPU
		{4D37C5B6-8F39-4BCE-9547-C89DB8CE242D}.Debug|Any CPU.ActiveCfg = Debug|Any CPU
		{4D37C5B6-8F39-4BCE-9547-C89DB8CE242D}.Debug|Any CPU.Build.0 = Debug|Any CPU
		{4D37C5B6-8F39-4BCE-9547-C89DB8CE242D}.Release|Any CPU.ActiveCfg = Release|Any CPU
		{4D37C5B6-8F39-4BCE-9547-C89DB8CE242D}.Release|Any CPU.Build.0 = Release|Any CPU
		{4D1B31BF-20CA-41F8-BED5-7A740FCC0F68}.Debug|Any CPU.ActiveCfg = Debug|Any CPU
		{4D1B31BF-20CA-41F8-BED5-7A740FCC0F68}.Debug|Any CPU.Build.0 = Debug|Any CPU
		{4D1B31BF-20CA-41F8-BED5-7A740FCC0F68}.Release|Any CPU.ActiveCfg = Release|Any CPU
		{4D1B31BF-20CA-41F8-BED5-7A740FCC0F68}.Release|Any CPU.Build.0 = Release|Any CPU
	EndGlobalSection
	GlobalSection(SolutionProperties) = preSolution
		HideSolutionNode = FALSE
	EndGlobalSection
	GlobalSection(ExtensibilityGlobals) = postSolution
		SolutionGuid = {F73D68A0-43B5-478E-8054-610322CA2BD7}
	EndGlobalSection
EndGlobal
